lockfile_version: '1'
generated_at: '2026-08-18T01:10:26.787728+00:00'
apm_version: 0.28.0
dependencies:
- repo_url: ansanloms/skills
  name: find-docs
  host: github.com
  resolved_commit: 716a3dba09caee022309dc5984c0101ae2b30f1f
  version: unknown
  virtual_path: find-docs
  is_virtual: true
  package_type: claude_skill
  deployed_files:
  - .claude/skills/find-docs
  - .claude/skills/find-docs/README.md
  - .claude/skills/find-docs/SKILL.md
  deployed_file_hashes:
    .claude/skills/find-docs/README.md: sha256:9abac44da1547f17c0c7ccfa87485e589b5d858791f26fd136df48ecb2b8d943
    .claude/skills/find-docs/SKILL.md: sha256:2fa995c605390db080122b4f61a6ee6026babf69c2dfab226b2c7f230b4c065a
  content_hash: sha256:02ac10fc96d5e738074f5910ad4c99fe1c21f9b0af0924f6321df070b4d2763c
- repo_url: ansanloms/skills
  name: nvim-remote
  host: github.com
  resolved_commit: 716a3dba09caee022309dc5984c0101ae2b30f1f
  version: unknown
  virtual_path: nvim-remote
  is_virtual: true
  package_type: claude_skill
  deployed_files:
  - .claude/skills/nvim-remote
  - .claude/skills/nvim-remote/README.md
  - .claude/skills/nvim-remote/SKILL.md
  deployed_file_hashes:
    .claude/skills/nvim-remote/README.md: sha256:5a549d967962e2145b303b4301259b4536c35178cad9d9cceb4efa3af474c4a1
    .claude/skills/nvim-remote/SKILL.md: sha256:db2a002b07194827b6061352ef55e21bb5e13b020139bdc0553c7babbe5a73f3
  content_hash: sha256:21ec92040caa3709bb7a4539af968ab7fae52f45fad9378de5cfb9058b0ab808
- repo_url: ansanloms/skills
  name: worktree
  host: github.com
  resolved_commit: 716a3dba09caee022309dc5984c0101ae2b30f1f
  version: unknown
  virtual_path: worktree
  is_virtual: true
  package_type: claude_skill
  deployed_files:
  - .claude/skills/worktree
  - .claude/skills/worktree/README.md
  - .claude/skills/worktree/SKILL.md
  - .claude/skills/worktree/assets/template.md
  deployed_file_hashes:
    .claude/skills/worktree/README.md: sha256:a852a307038a264d608a788c3ceadc507977ec2bfd9c48368885f5e469b8b03b
    .claude/skills/worktree/SKILL.md: sha256:a3c60f2595b9c076f0b2ef5ecfb0774955c4641aee50806b4b59a22daa38e51f
    .claude/skills/worktree/assets/template.md: sha256:d58676db6f6d8c4b84ff491995556a94d419c704d55ea9b7d21c3637f1ef0bee
  content_hash: sha256:9b69878047befc8542772b6aba5a76fd448f73e48da65070f66aba210a20fc22
- repo_url: mizchi/skills
  name: empirical-prompt-tuning
  host: github.com
  resolved_commit: 7a0d72866a0bb3e9ac3e2768c328b09ba2bc40c4
  version: unknown
  virtual_path: meta/empirical-prompt-tuning
  is_virtual: true
  package_type: claude_skill
  deployed_files:
  - .claude/skills/empirical-prompt-tuning
  - .claude/skills/empirical-prompt-tuning/README.md
  - .claude/skills/empirical-prompt-tuning/SKILL-ja.md
  - .claude/skills/empirical-prompt-tuning/SKILL.md
  deployed_file_hashes:
    .claude/skills/empirical-prompt-tuning/README.md: sha256:c7db7d27122bcffe416e5607700a7cd1778cad260d3e104c5bb6da7b7f976b3d
    .claude/skills/empirical-prompt-tuning/SKILL-ja.md: sha256:0a38d830802c2e08a7faca13928fedf6911e00b896946b4b03910d662de6dea5
    .claude/skills/empirical-prompt-tuning/SKILL.md: sha256:252418e7ef022981d2dda2e3ec57fa1c786d30af68c50b7e062edf1d7361b0cb
  content_hash: sha256:20e7fba93c7267ba6e3a7b27787ca49191b762dffcfb804b01da9183b1b0c891
- repo_url: mizchi/skills
  name: retrospective-codify
  host: github.com
  resolved_commit: 7a0d72866a0bb3e9ac3e2768c328b09ba2bc40c4
  version: unknown
  virtual_path: meta/retrospective-codify
  is_virtual: true
  package_type: claude_skill
  deployed_files:
  - .claude/skills/retrospective-codify
  - .claude/skills/retrospective-codify/README.md
  - .claude/skills/retrospective-codify/SKILL-ja.md
  - .claude/skills/retrospective-codify/SKILL.md
  deployed_file_hashes:
    .claude/skills/retrospective-codify/README.md: sha256:bdef43f257b112d94d047c467653650dd03fdee556fc8c217a2312e8bc758357
    .claude/skills/retrospective-codify/SKILL-ja.md: sha256:c55610bfe5ac589d43a6f2199d3b9226a46fef41c0e3f6d02958f69da4c240e9
    .claude/skills/retrospective-codify/SKILL.md: sha256:70bd226087028461f1e208ac5497593cdf6a0dc1e074d80f970addc1e36e5afa
  content_hash: sha256:3ff8c5c61545f778b8731f8d08eccb2bb38c15bc6fa618db509113f48e0ef670
deployments:
- kind: project-relative
  target: claude
  value: .claude/skills/empirical-prompt-tuning
  runtime: null
  scope: project
  owners:
  - mizchi/skills/meta/empirical-prompt-tuning
  active_owner: mizchi/skills/meta/empirical-prompt-tuning
  content_hash: null
- kind: project-relative
  target: claude
  value: .claude/skills/empirical-prompt-tuning/README.md
  runtime: null
  scope: project
  owners:
  - mizchi/skills/meta/empirical-prompt-tuning
  active_owner: mizchi/skills/meta/empirical-prompt-tuning
  content_hash: sha256:c7db7d27122bcffe416e5607700a7cd1778cad260d3e104c5bb6da7b7f976b3d
- kind: project-relative
  target: claude
  value: .claude/skills/empirical-prompt-tuning/SKILL-ja.md
  runtime: null
  scope: project
  owners:
  - mizchi/skills/meta/empirical-prompt-tuning
  active_owner: mizchi/skills/meta/empirical-prompt-tuning
  content_hash: sha256:0a38d830802c2e08a7faca13928fedf6911e00b896946b4b03910d662de6dea5
- kind: project-relative
  target: claude
  value: .claude/skills/empirical-prompt-tuning/SKILL.md
  runtime: null
  scope: project
  owners:
  - mizchi/skills/meta/empirical-prompt-tuning
  active_owner: mizchi/skills/meta/empirical-prompt-tuning
  content_hash: sha256:252418e7ef022981d2dda2e3ec57fa1c786d30af68c50b7e062edf1d7361b0cb
- kind: project-relative
  target: claude
  value: .claude/skills/find-docs
  runtime: null
  scope: project
  owners:
  - ansanloms/skills/find-docs
  active_owner: ansanloms/skills/find-docs
  content_hash: null
- kind: project-relative
  target: claude
  value: .claude/skills/find-docs/README.md
  runtime: null
  scope: project
  owners:
  - ansanloms/skills/find-docs
  active_owner: ansanloms/skills/find-docs
  content_hash: sha256:9abac44da1547f17c0c7ccfa87485e589b5d858791f26fd136df48ecb2b8d943
- kind: project-relative
  target: claude
  value: .claude/skills/find-docs/SKILL.md
  runtime: null
  scope: project
  owners:
  - ansanloms/skills/find-docs
  active_owner: ansanloms/skills/find-docs
  content_hash: sha256:2fa995c605390db080122b4f61a6ee6026babf69c2dfab226b2c7f230b4c065a
- kind: project-relative
  target: claude
  value: .claude/skills/nvim-remote
  runtime: null
  scope: project
  owners:
  - ansanloms/skills/nvim-remote
  active_owner: ansanloms/skills/nvim-remote
  content_hash: null
- kind: project-relative
  target: claude
  value: .claude/skills/nvim-remote/README.md
  runtime: null
  scope: project
  owners:
  - ansanloms/skills/nvim-remote
  active_owner: ansanloms/skills/nvim-remote
  content_hash: sha256:5a549d967962e2145b303b4301259b4536c35178cad9d9cceb4efa3af474c4a1
- kind: project-relative
  target: claude
  value: .claude/skills/nvim-remote/SKILL.md
  runtime: null
  scope: project
  owners:
  - ansanloms/skills/nvim-remote
  active_owner: ansanloms/skills/nvim-remote
  content_hash: sha256:db2a002b07194827b6061352ef55e21bb5e13b020139bdc0553c7babbe5a73f3
- kind: project-relative
  target: claude
  value: .claude/skills/retrospective-codify
  runtime: null
  scope: project
  owners:
  - mizchi/skills/meta/retrospective-codify
  active_owner: mizchi/skills/meta/retrospective-codify
  content_hash: null
- kind: project-relative
  target: claude
  value: .claude/skills/retrospective-codify/README.md
  runtime: null
  scope: project
  owners:
  - mizchi/skills/meta/retrospective-codify
  active_owner: mizchi/skills/meta/retrospective-codify
  content_hash: sha256:bdef43f257b112d94d047c467653650dd03fdee556fc8c217a2312e8bc758357
- kind: project-relative
  target: claude
  value: .claude/skills/retrospective-codify/SKILL-ja.md
  runtime: null
  scope: project
  owners:
  - mizchi/skills/meta/retrospective-codify
  active_owner: mizchi/skills/meta/retrospective-codify
  content_hash: sha256:c55610bfe5ac589d43a6f2199d3b9226a46fef41c0e3f6d02958f69da4c240e9
- kind: project-relative
  target: claude
  value: .claude/skills/retrospective-codify/SKILL.md
  runtime: null
  scope: project
  owners:
  - mizchi/skills/meta/retrospective-codify
  active_owner: mizchi/skills/meta/retrospective-codify
  content_hash: sha256:70bd226087028461f1e208ac5497593cdf6a0dc1e074d80f970addc1e36e5afa
- kind: project-relative
  target: claude
  value: .claude/skills/worktree
  runtime: null
  scope: project
  owners:
  - ansanloms/skills/worktree
  active_owner: ansanloms/skills/worktree
  content_hash: null
- kind: project-relative
  target: claude
  value: .claude/skills/worktree/README.md
  runtime: null
  scope: project
  owners:
  - ansanloms/skills/worktree
  active_owner: ansanloms/skills/worktree
  content_hash: sha256:a852a307038a264d608a788c3ceadc507977ec2bfd9c48368885f5e469b8b03b
- kind: project-relative
  target: claude
  value: .claude/skills/worktree/SKILL.md
  runtime: null
  scope: project
  owners:
  - ansanloms/skills/worktree
  active_owner: ansanloms/skills/worktree
  content_hash: sha256:a3c60f2595b9c076f0b2ef5ecfb0774955c4641aee50806b4b59a22daa38e51f
- kind: project-relative
  target: claude
  value: .claude/skills/worktree/assets/template.md
  runtime: null
  scope: project
  owners:
  - ansanloms/skills/worktree
  active_owner: ansanloms/skills/worktree
  content_hash: sha256:d58676db6f6d8c4b84ff491995556a94d419c704d55ea9b7d21c3637f1ef0bee
