{
  "version": "3",
  "packages": {
    "specifiers": {
      "jsr:@cliffy/ansi@^1.0.0-rc.5": "jsr:@cliffy/ansi@1.0.0-rc.5",
      "jsr:@std/fmt@~0.225.4": "jsr:@std/fmt@0.225.4",
      "jsr:@std/fs@^0.229.3": "jsr:@std/fs@0.229.3",
      "jsr:@std/path@1.0.0-rc.1": "jsr:@std/path@1.0.0-rc.1",
      "jsr:@std/path@^1.0.1": "jsr:@std/path@1.0.1",
      "jsr:@std/yaml@^0.224.3": "jsr:@std/yaml@0.224.3"
    },
    "jsr": {
      "@cliffy/ansi@1.0.0-rc.5": {
        "integrity": "85a4dba4da5d8278dcdfeea98672cd15706c244833f82edc60c61f410d9fc1a9",
        "dependencies": [
          "jsr:@std/fmt@~0.225.4"
        ]
      },
      "@std/fmt@0.225.4": {
        "integrity": "584c681cf422b70e28959b57e59012823609c087384cbf12d05f67814797fda3"
      },
      "@std/fs@0.229.3": {
        "integrity": "783bca21f24da92e04c3893c9e79653227ab016c48e96b3078377ebd5222e6eb",
        "dependencies": [
          "jsr:@std/path@1.0.0-rc.1"
        ]
      },
      "@std/path@1.0.0-rc.1": {
        "integrity": "b8c00ae2f19106a6bb7cbf1ab9be52aa70de1605daeb2dbdc4f87a7cbaf10ff6"
      },
      "@std/path@1.0.1": {
        "integrity": "e061ff02c28481ca49e3a14981875c345e9fc7e973190672782cd0ac8af70428"
      },
      "@std/yaml@0.224.3": {
        "integrity": "9da1ed0094f42ba24570b4d88a094b44a793ac7f2bc085c1939d3ac7e11cc0bb"
      }
    }
  },
  "remote": {},
  "workspace": {
    "dependencies": [
      "jsr:@cliffy/ansi@^1.0.0-rc.5",
      "jsr:@std/fs@^0.229.3",
      "jsr:@std/path@^1.0.1",
      "jsr:@std/yaml@^0.224.3"
    ]
  }
}
